
Microsoft Visual Studio Solution File, Format Version 12.00
# Visual Studio Version 16
VisualStudioVersion = 16.0.30717.126
MinimumVisualStudioVersion = 10.0.40219.1
Project("{FAE04EC0-301F-11D3-BF4B-00C04F79EFBC}") = "project-templates", "project-templates.csproj", "{4037E3B1-5892-4868-A9C4-16AB42EBAF6E}"
EndProject
Global
	GlobalSection(SolutionConfigurationPlatforms) = preSolution
		Debug|Any CPU = Debug|Any CPU
		Release|Any CPU = Release|Any CPU
	EndGlobalSection
	GlobalSection(ProjectConfigurationPlatforms) = postSolution
		{4037E3B1-5892-4868-A9C4-16AB42EBAF6E}.Debug|Any CPU.ActiveCfg = Debug|Any CPU
		{4037E3B1-5892-4868-A9C4-16AB42EBAF6E}.Debug|Any CPU.Build.0 = Debug|Any CPU
		{4037E3B1-5892-4868-A9C4-16AB42EBAF6E}.Release|Any CPU.ActiveCfg = Release|Any CPU
		{4037E3B1-5892-4868-A9C4-16AB42EBAF6E}.Release|Any CPU.Build.0 = Release|Any CPU
	EndGlobalSection
	GlobalSection(SolutionProperties) = preSolution
		HideSolutionNode = FALSE
	EndGlobalSection
	GlobalSection(ExtensibilityGlobals) = postSolution
		SolutionGuid = {16BFF171-6C4D-4CDA-B7F3-39283E1D7A1A}
	EndGlobalSection
EndGlobal
